
Microsoft Visual Studio Solution File, Format Version 12.00
# Visual Studio Version 17
VisualStudioVersion = 17.12.35521.163
MinimumVisualStudioVersion = 10.0.40219.1
Project("{FAE04EC0-301F-11D3-BF4B-00C04F79EFBC}") = "DAL", "DAL\DAL.csproj", "{F87A493B-9EFE-4062-B4B3-0781A5DFD699}"
EndProject
Project("{FAE04EC0-301F-11D3-BF4B-00C04F79EFBC}") = "BUS", "BUS\BUS.csproj", "{DA64EC5B-3678-4440-879E-22A22C48F6D5}"
EndProject
Project("{FAE04EC0-301F-11D3-BF4B-00C04F79EFBC}") = "API", "API\API.csproj", "{A71DBD97-7912-41FD-8ED1-3EA3D110B272}"
EndProject
Project("{FAE04EC0-301F-11D3-BF4B-00C04F79EFBC}") = "PL", "PL\PL.csproj", "{E19FA152-3033-4AA1-96A2-464FAEA4B455}"
EndProject
Global
	GlobalSection(SolutionConfigurationPlatforms) = preSolution
		Debug|Any CPU = Debug|Any CPU
		Release|Any CPU = Release|Any CPU
	EndGlobalSection
	GlobalSection(ProjectConfigurationPlatforms) = postSolution
		{F87A493B-9EFE-4062-B4B3-0781A5DFD699}.Debug|Any CPU.ActiveCfg = Debug|Any CPU
		{F87A493B-9EFE-4062-B4B3-0781A5DFD699}.Debug|Any CPU.Build.0 = Debug|Any CPU
		{F87A493B-9EFE-4062-B4B3-0781A5DFD699}.Release|Any CPU.ActiveCfg = Release|Any CPU
		{F87A493B-9EFE-4062-B4B3-0781A5DFD699}.Release|Any CPU.Build.0 = Release|Any CPU
		{DA64EC5B-3678-4440-879E-22A22C48F6D5}.Debug|Any CPU.ActiveCfg = Debug|Any CPU
		{DA64EC5B-3678-4440-879E-22A22C48F6D5}.Debug|Any CPU.Build.0 = Debug|Any CPU
		{DA64EC5B-3678-4440-879E-22A22C48F6D5}.Release|Any CPU.ActiveCfg = Release|Any CPU
		{DA64EC5B-3678-4440-879E-22A22C48F6D5}.Release|Any CPU.Build.0 = Release|Any CPU
		{A71DBD97-7912-41FD-8ED1-3EA3D110B272}.Debug|Any CPU.ActiveCfg = Debug|Any CPU
		{A71DBD97-7912-41FD-8ED1-3EA3D110B272}.Debug|Any CPU.Build.0 = Debug|Any CPU
		{A71DBD97-7912-41FD-8ED1-3EA3D110B272}.Release|Any CPU.ActiveCfg = Release|Any CPU
		{A71DBD97-7912-41FD-8ED1-3EA3D110B272}.Release|Any CPU.Build.0 = Release|Any CPU
		{E19FA152-3033-4AA1-96A2-464FAEA4B455}.Debug|Any CPU.ActiveCfg = Debug|Any CPU
		{E19FA152-3033-4AA1-96A2-464FAEA4B455}.Debug|Any CPU.Build.0 = Debug|Any CPU
		{E19FA152-3033-4AA1-96A2-464FAEA4B455}.Release|Any CPU.ActiveCfg = Release|Any CPU
		{E19FA152-3033-4AA1-96A2-464FAEA4B455}.Release|Any CPU.Build.0 = Release|Any CPU
	EndGlobalSection
	GlobalSection(SolutionProperties) = preSolution
		HideSolutionNode = FALSE
	EndGlobalSection
EndGlobal
